<?xml version="1.0" encoding="utf-8"?>
<Project ToolsVersion="4.0" xmlns="http://schemas.microsoft.com/developer/msbuild/2003">
  <ItemGroup>
    <Filter Include="Source Files">
      <UniqueIdentifier>{4FC737F1-C7A5-4376-A066-2A32D752A2FF}</UniqueIdentifier>
      <Extensions>cpp;c;cc;cxx;c++;cppm;ixx;def;odl;idl;hpj;bat;asm;asmx</Extensions>
    </Filter>
    <Filter Include="Header Files">
      <UniqueIdentifier>{93995380-89BD-4b04-88EB-625FBE52EBFB}</UniqueIdentifier>
      <Extensions>h;hh;hpp;hxx;h++;hm;inl;inc;ipp;xsd</Extensions>
    </Filter>
    <Filter Include="Resource Files">
      <UniqueIdentifier>{67DA6AB6-F800-4c08-8B7A-83BB121AAD01}</UniqueIdentifier>
      <Extensions>rc;ico;cur;bmp;dlg;rc2;rct;bin;rgs;gif;jpg;jpeg;jpe;resx;tiff;tif;png;wav;mfcribbon-ms</Extensions>
    </Filter>
  </ItemGroup>
  <ItemGroup>
    <None Include=".gitattributes" />
    <None Include=".gitignore" />
    <None Include="LICENSE" />
    <None Include="README.md" />
    <None Include="src\vendor\rttr\version.h.in" />
  </ItemGroup>
  <ItemGroup>
    <ClCompile Include="examples\main.cpp">
      <Filter>Source Files</Filter>
    </ClCompile>
    <ClCompile Include="src\Types\Type.cpp">
      <Filter>Source Files</Filter>
    </ClCompile>
    <ClCompile Include="src\Types\TypeData.cpp">
      <Filter>Source Files</Filter>
    </ClCompile>
    <ClCompile Include="src\Instance\Instance.cpp">
      <Filter>Source Files</Filter>
    </ClCompile>
    <ClCompile Include="src\Property\Property.cpp">
      <Filter>Source Files</Filter>
    </ClCompile>
    <ClCompile Include="src\Variant\Variant.cpp">
      <Filter>Source Files</Filter>
    </ClCompile>
    <ClCompile Include="src\Property\PropertyData.cpp">
      <Filter>Source Files</Filter>
    </ClCompile>
    <ClCompile Include="src\Types\TypeFlags.cpp">
      <Filter>Source Files</Filter>
    </ClCompile>
    <ClCompile Include="src\Argument\Argument.cpp">
      <Filter>Source Files</Filter>
    </ClCompile>
    <ClCompile Include="src\Registration\TypeBuilder.cpp">
      <Filter>Source Files</Filter>
    </ClCompile>
    <ClCompile Include="src\Method\Method.cpp">
      <Filter>Source Files</Filter>
    </ClCompile>
    <ClCompile Include="src\Method\MethodData.cpp">
      <Filter>Source Files</Filter>
    </ClCompile>
    <ClCompile Include="src\TemplateUtils.h">
      <Filter>Source Files</Filter>
    </ClCompile>
    <ClCompile Include="src\Types\MemberContainers.cpp">
      <Filter>Source Files</Filter>
    </ClCompile>
    <ClCompile Include="src\Constructor\ConstructorData.cpp">
      <Filter>Source Files</Filter>
    </ClCompile>
    <ClCompile Include="src\Constructor\Constructor.cpp">
      <Filter>Source Files</Filter>
    </ClCompile>
    <ClCompile Include="src\Method\ParameterData.cpp">
      <Filter>Source Files</Filter>
    </ClCompile>
    <ClCompile Include="src\Enum\Enum.cpp">
      <Filter>Source Files</Filter>
    </ClCompile>
    <ClCompile Include="src\Enum\EnumDataWrapper.cpp">
      <Filter>Source Files</Filter>
    </ClCompile>
    <ClCompile Include="src\Registration\EnumBuilder.cpp">
      <Filter>Source Files</Filter>
    </ClCompile>
  </ItemGroup>
  <ItemGroup>
    <ClInclude Include="src\vendor\rttr\type_name.h">
      <Filter>Header Files</Filter>
    </ClInclude>
    <ClInclude Include="src\vendor\rttr\core_prerequisites.h">
      <Filter>Header Files</Filter>
    </ClInclude>
    <ClInclude Include="src\Types\TypeUtils.h">
      <Filter>Header Files</Filter>
    </ClInclude>
    <ClInclude Include="src\Types\Type.h">
      <Filter>Header Files</Filter>
    </ClInclude>
    <ClInclude Include="src\Types\TypeId.h">
      <Filter>Header Files</Filter>
    </ClInclude>
    <ClInclude Include="src\Types\TypeData.h">
      <Filter>Header Files</Filter>
    </ClInclude>
    <ClInclude Include="src\Instance\Instance.h">
      <Filter>Header Files</Filter>
    </ClInclude>
    <ClInclude Include="src\Property\Property.h">
      <Filter>Header Files</Filter>
    </ClInclude>
    <ClInclude Include="src\Variant\Variant.h">
      <Filter>Header Files</Filter>
    </ClInclude>
    <ClInclude Include="src\Property\PropertyData.h">
      <Filter>Header Files</Filter>
    </ClInclude>
    <ClInclude Include="src\Types\TypeFlags.h">
      <Filter>Header Files</Filter>
    </ClInclude>
    <ClInclude Include="src\Argument\Argument.h">
      <Filter>Header Files</Filter>
    </ClInclude>
    <ClInclude Include="src\Registration\TypeBuilder.h">
      <Filter>Header Files</Filter>
    </ClInclude>
    <ClInclude Include="src\AccessLevel.h">
      <Filter>Header Files</Filter>
    </ClInclude>
    <ClInclude Include="src\Method\Method.h">
      <Filter>Header Files</Filter>
    </ClInclude>
    <ClInclude Include="src\Method\MethodData.h">
      <Filter>Header Files</Filter>
    </ClInclude>
    <ClInclude Include="src\Method\ParameterData.h">
      <Filter>Header Files</Filter>
    </ClInclude>
    <ClInclude Include="src\Variant\VarientVoidType.h">
      <Filter>Header Files</Filter>
    </ClInclude>
    <ClInclude Include="src\Types\MemberContainers.h">
      <Filter>Header Files</Filter>
    </ClInclude>
    <ClInclude Include="src\Constructor\ConstructorData.h">
      <Filter>Header Files</Filter>
    </ClInclude>
    <ClInclude Include="src\Constructor\Constructor.h">
      <Filter>Header Files</Filter>
    </ClInclude>
    <ClInclude Include="src\Utils\Ref.h">
      <Filter>Header Files</Filter>
    </ClInclude>
    <ClInclude Include="src\Variant\TempVariant.h">
      <Filter>Header Files</Filter>
    </ClInclude>
    <ClInclude Include="src\Enum\Enum.h">
      <Filter>Header Files</Filter>
    </ClInclude>
    <ClInclude Include="src\Enum\EnumData.h">
      <Filter>Header Files</Filter>
    </ClInclude>
    <ClInclude Include="src\Enum\EnumDataWrapper.h">
      <Filter>Header Files</Filter>
    </ClInclude>
    <ClInclude Include="src\Registration\EnumBuilder.h">
      <Filter>Header Files</Filter>
    </ClInclude>
    <ClInclude Include="src\Types\TypeDataPrototype.h">
      <Filter>Header Files</Filter>
    </ClInclude>
  </ItemGroup>
</Project>