
Microsoft Visual Studio Solution File, Format Version 12.00
# Visual Studio Version 16
VisualStudioVersion = 16.0.32228.343
MinimumVisualStudioVersion = 10.0.40219.1
Project("{8BC9CEB8-8B4A-11D0-8D11-00A0C91BC942}") = "RefLib", "RefLib\RefLib.vcxproj", "{50D2631B-9EFA-4241-83F8-97E31FAFFA50}"
EndProject
Project("{8BC9CEB8-8B4A-11D0-8D11-00A0C91BC942}") = "RefLibGen", "RefLibGen\RefLibGen.vcxproj", "{EC218AAA-C8A1-4CDB-8885-641E258C9EA4}"
	ProjectSection(ProjectDependencies) = postProject
		{83BE66CD-9C4F-4F84-B72A-DD1855C8FC8A} = {83BE66CD-9C4F-4F84-B72A-DD1855C8FC8A}
	EndProjectSection
EndProject
Project("{8BC9CEB8-8B4A-11D0-8D11-00A0C91BC942}") = "Antlr4", "Antlr4\antlr4cpp-vs2019.vcxproj", "{83BE66CD-9C4F-4F84-B72A-DD1855C8FC8A}"
EndProject
Global
	GlobalSection(SolutionConfigurationPlatforms) = preSolution
		Debug DLL|x64 = Debug DLL|x64
		Debug DLL|x86 = Debug DLL|x86
		Debug Static|x64 = Debug Static|x64
		Debug Static|x86 = Debug Static|x86
		Debug|x64 = Debug|x64
		Debug|x86 = Debug|x86
		Release DLL|x64 = Release DLL|x64
		Release DLL|x86 = Release DLL|x86
		Release Static|x64 = Release Static|x64
		Release Static|x86 = Release Static|x86
		Release|x64 = Release|x64
		Release|x86 = Release|x86
	EndGlobalSection
	GlobalSection(ProjectConfigurationPlatforms) = postSolution
		{50D2631B-9EFA-4241-83F8-97E31FAFFA50}.Debug DLL|x64.ActiveCfg = Debug|x64
		{50D2631B-9EFA-4241-83F8-97E31FAFFA50}.Debug DLL|x64.Build.0 = Debug|x64
		{50D2631B-9EFA-4241-83F8-97E31FAFFA50}.Debug DLL|x86.ActiveCfg = Debug|Win32
		{50D2631B-9EFA-4241-83F8-97E31FAFFA50}.Debug DLL|x86.Build.0 = Debug|Win32
		{50D2631B-9EFA-4241-83F8-97E31FAFFA50}.Debug Static|x64.ActiveCfg = Debug|x64
		{50D2631B-9EFA-4241-83F8-97E31FAFFA50}.Debug Static|x64.Build.0 = Debug|x64
		{50D2631B-9EFA-4241-83F8-97E31FAFFA50}.Debug Static|x86.ActiveCfg = Debug|Win32
		{50D2631B-9EFA-4241-83F8-97E31FAFFA50}.Debug Static|x86.Build.0 = Debug|Win32
		{50D2631B-9EFA-4241-83F8-97E31FAFFA50}.Debug|x64.ActiveCfg = Debug|x64
		{50D2631B-9EFA-4241-83F8-97E31FAFFA50}.Debug|x64.Build.0 = Debug|x64
		{50D2631B-9EFA-4241-83F8-97E31FAFFA50}.Debug|x86.ActiveCfg = Debug|Win32
		{50D2631B-9EFA-4241-83F8-97E31FAFFA50}.Debug|x86.Build.0 = Debug|Win32
		{50D2631B-9EFA-4241-83F8-97E31FAFFA50}.Release DLL|x64.ActiveCfg = Release|x64
		{50D2631B-9EFA-4241-83F8-97E31FAFFA50}.Release DLL|x64.Build.0 = Release|x64
		{50D2631B-9EFA-4241-83F8-97E31FAFFA50}.Release DLL|x86.ActiveCfg = Release|Win32
		{50D2631B-9EFA-4241-83F8-97E31FAFFA50}.Release DLL|x86.Build.0 = Release|Win32
		{50D2631B-9EFA-4241-83F8-97E31FAFFA50}.Release Static|x64.ActiveCfg = Release|x64
		{50D2631B-9EFA-4241-83F8-97E31FAFFA50}.Release Static|x64.Build.0 = Release|x64
		{50D2631B-9EFA-4241-83F8-97E31FAFFA50}.Release Static|x86.ActiveCfg = Release|Win32
		{50D2631B-9EFA-4241-83F8-97E31FAFFA50}.Release Static|x86.Build.0 = Release|Win32
		{50D2631B-9EFA-4241-83F8-97E31FAFFA50}.Release|x64.ActiveCfg = Release|x64
		{50D2631B-9EFA-4241-83F8-97E31FAFFA50}.Release|x64.Build.0 = Release|x64
		{50D2631B-9EFA-4241-83F8-97E31FAFFA50}.Release|x86.ActiveCfg = Release|Win32
		{50D2631B-9EFA-4241-83F8-97E31FAFFA50}.Release|x86.Build.0 = Release|Win32
		{EC218AAA-C8A1-4CDB-8885-641E258C9EA4}.Debug DLL|x64.ActiveCfg = Debug|x64
		{EC218AAA-C8A1-4CDB-8885-641E258C9EA4}.Debug DLL|x64.Build.0 = Debug|x64
		{EC218AAA-C8A1-4CDB-8885-641E258C9EA4}.Debug DLL|x86.ActiveCfg = Debug|Win32
		{EC218AAA-C8A1-4CDB-8885-641E258C9EA4}.Debug DLL|x86.Build.0 = Debug|Win32
		{EC218AAA-C8A1-4CDB-8885-641E258C9EA4}.Debug Static|x64.ActiveCfg = Debug|x64
		{EC218AAA-C8A1-4CDB-8885-641E258C9EA4}.Debug Static|x64.Build.0 = Debug|x64
		{EC218AAA-C8A1-4CDB-8885-641E258C9EA4}.Debug Static|x86.ActiveCfg = Debug|Win32
		{EC218AAA-C8A1-4CDB-8885-641E258C9EA4}.Debug Static|x86.Build.0 = Debug|Win32
		{EC218AAA-C8A1-4CDB-8885-641E258C9EA4}.Debug|x64.ActiveCfg = Debug|x64
		{EC218AAA-C8A1-4CDB-8885-641E258C9EA4}.Debug|x64.Build.0 = Debug|x64
		{EC218AAA-C8A1-4CDB-8885-641E258C9EA4}.Debug|x86.ActiveCfg = Debug|Win32
		{EC218AAA-C8A1-4CDB-8885-641E258C9EA4}.Debug|x86.Build.0 = Debug|Win32
		{EC218AAA-C8A1-4CDB-8885-641E258C9EA4}.Release DLL|x64.ActiveCfg = Release|x64
		{EC218AAA-C8A1-4CDB-8885-641E258C9EA4}.Release DLL|x64.Build.0 = Release|x64
		{EC218AAA-C8A1-4CDB-8885-641E258C9EA4}.Release DLL|x86.ActiveCfg = Release|Win32
		{EC218AAA-C8A1-4CDB-8885-641E258C9EA4}.Release DLL|x86.Build.0 = Release|Win32
		{EC218AAA-C8A1-4CDB-8885-641E258C9EA4}.Release Static|x64.ActiveCfg = Release|x64
		{EC218AAA-C8A1-4CDB-8885-641E258C9EA4}.Release Static|x64.Build.0 = Release|x64
		{EC218AAA-C8A1-4CDB-8885-641E258C9EA4}.Release Static|x86.ActiveCfg = Release|Win32
		{EC218AAA-C8A1-4CDB-8885-641E258C9EA4}.Release Static|x86.Build.0 = Release|Win32
		{EC218AAA-C8A1-4CDB-8885-641E258C9EA4}.Release|x64.ActiveCfg = Release|x64
		{EC218AAA-C8A1-4CDB-8885-641E258C9EA4}.Release|x64.Build.0 = Release|x64
		{EC218AAA-C8A1-4CDB-8885-641E258C9EA4}.Release|x86.ActiveCfg = Release|Win32
		{EC218AAA-C8A1-4CDB-8885-641E258C9EA4}.Release|x86.Build.0 = Release|Win32
		{83BE66CD-9C4F-4F84-B72A-DD1855C8FC8A}.Debug DLL|x64.ActiveCfg = Debug DLL|x64
		{83BE66CD-9C4F-4F84-B72A-DD1855C8FC8A}.Debug DLL|x64.Build.0 = Debug DLL|x64
		{83BE66CD-9C4F-4F84-B72A-DD1855C8FC8A}.Debug DLL|x86.ActiveCfg = Debug DLL|Win32
		{83BE66CD-9C4F-4F84-B72A-DD1855C8FC8A}.Debug DLL|x86.Build.0 = Debug DLL|Win32
		{83BE66CD-9C4F-4F84-B72A-DD1855C8FC8A}.Debug Static|x64.ActiveCfg = Debug Static|x64
		{83BE66CD-9C4F-4F84-B72A-DD1855C8FC8A}.Debug Static|x64.Build.0 = Debug Static|x64
		{83BE66CD-9C4F-4F84-B72A-DD1855C8FC8A}.Debug Static|x86.ActiveCfg = Debug Static|Win32
		{83BE66CD-9C4F-4F84-B72A-DD1855C8FC8A}.Debug Static|x86.Build.0 = Debug Static|Win32
		{83BE66CD-9C4F-4F84-B72A-DD1855C8FC8A}.Debug|x64.ActiveCfg = Debug DLL|x64
		{83BE66CD-9C4F-4F84-B72A-DD1855C8FC8A}.Debug|x64.Build.0 = Debug DLL|x64
		{83BE66CD-9C4F-4F84-B72A-DD1855C8FC8A}.Debug|x86.ActiveCfg = Debug DLL|Win32
		{83BE66CD-9C4F-4F84-B72A-DD1855C8FC8A}.Debug|x86.Build.0 = Debug DLL|Win32
		{83BE66CD-9C4F-4F84-B72A-DD1855C8FC8A}.Release DLL|x64.ActiveCfg = Release DLL|x64
		{83BE66CD-9C4F-4F84-B72A-DD1855C8FC8A}.Release DLL|x64.Build.0 = Release DLL|x64
		{83BE66CD-9C4F-4F84-B72A-DD1855C8FC8A}.Release DLL|x86.ActiveCfg = Release DLL|Win32
		{83BE66CD-9C4F-4F84-B72A-DD1855C8FC8A}.Release DLL|x86.Build.0 = Release DLL|Win32
		{83BE66CD-9C4F-4F84-B72A-DD1855C8FC8A}.Release Static|x64.ActiveCfg = Release Static|x64
		{83BE66CD-9C4F-4F84-B72A-DD1855C8FC8A}.Release Static|x64.Build.0 = Release Static|x64
		{83BE66CD-9C4F-4F84-B72A-DD1855C8FC8A}.Release Static|x86.ActiveCfg = Release Static|Win32
		{83BE66CD-9C4F-4F84-B72A-DD1855C8FC8A}.Release Static|x86.Build.0 = Release Static|Win32
		{83BE66CD-9C4F-4F84-B72A-DD1855C8FC8A}.Release|x64.ActiveCfg = Release DLL|x64
		{83BE66CD-9C4F-4F84-B72A-DD1855C8FC8A}.Release|x64.Build.0 = Release DLL|x64
		{83BE66CD-9C4F-4F84-B72A-DD1855C8FC8A}.Release|x86.ActiveCfg = Release DLL|Win32
		{83BE66CD-9C4F-4F84-B72A-DD1855C8FC8A}.Release|x86.Build.0 = Release DLL|Win32
	EndGlobalSection
	GlobalSection(SolutionProperties) = preSolution
		HideSolutionNode = FALSE
	EndGlobalSection
	GlobalSection(ExtensibilityGlobals) = postSolution
		SolutionGuid = {854D2077-D419-4863-8FB4-07EDFD93F715}
	EndGlobalSection
EndGlobal
